
Microsoft Visual Studio Solution File, Format Version 12.00
# Visual Studio 2013
VisualStudioVersion = 12.0.21005.1
MinimumVisualStudioVersion = 10.0.40219.1
Project("{F2A71F9B-5D33-465A-A702-920D77279786}") = "SoftRenderer", "SoftRenderer.fsproj", "{E5BE0742-C221-4EAD-844B-F1986FA46994}"
EndProject
Project("{F2A71F9B-5D33-465A-A702-920D77279786}") = "SoftRendererFSharp", "..\SoftRendererFsharp\SoftRendererFSharp.fsproj", "{B62D7DEF-5BC7-4B85-AF82-41269C5F8BC1}"
EndProject
Global
	GlobalSection(SolutionConfigurationPlatforms) = preSolution
		Debug|Any CPU = Debug|Any CPU
		Debug|ARM = Debug|ARM
		Debug|Mixed Platforms = Debug|Mixed Platforms
		Debug|Win32 = Debug|Win32
		Debug|x64 = Debug|x64
		Debug|x86 = Debug|x86
		Release|Any CPU = Release|Any CPU
		Release|ARM = Release|ARM
		Release|Mixed Platforms = Release|Mixed Platforms
		Release|Win32 = Release|Win32
		Release|x64 = Release|x64
		Release|x86 = Release|x86
	EndGlobalSection
	GlobalSection(ProjectConfigurationPlatforms) = postSolution
		{E5BE0742-C221-4EAD-844B-F1986FA46994}.Debug|Any CPU.ActiveCfg = Debug|Any CPU
		{E5BE0742-C221-4EAD-844B-F1986FA46994}.Debug|Any CPU.Build.0 = Debug|Any CPU
		{E5BE0742-C221-4EAD-844B-F1986FA46994}.Debug|ARM.ActiveCfg = Debug|Any CPU
		{E5BE0742-C221-4EAD-844B-F1986FA46994}.Debug|Mixed Platforms.ActiveCfg = Debug|Any CPU
		{E5BE0742-C221-4EAD-844B-F1986FA46994}.Debug|Mixed Platforms.Build.0 = Debug|Any CPU
		{E5BE0742-C221-4EAD-844B-F1986FA46994}.Debug|Win32.ActiveCfg = Debug|Any CPU
		{E5BE0742-C221-4EAD-844B-F1986FA46994}.Debug|x64.ActiveCfg = Debug|Any CPU
		{E5BE0742-C221-4EAD-844B-F1986FA46994}.Debug|x86.ActiveCfg = Debug|Any CPU
		{E5BE0742-C221-4EAD-844B-F1986FA46994}.Release|Any CPU.ActiveCfg = Release|Any CPU
		{E5BE0742-C221-4EAD-844B-F1986FA46994}.Release|Any CPU.Build.0 = Release|Any CPU
		{E5BE0742-C221-4EAD-844B-F1986FA46994}.Release|ARM.ActiveCfg = Release|Any CPU
		{E5BE0742-C221-4EAD-844B-F1986FA46994}.Release|Mixed Platforms.ActiveCfg = Release|Any CPU
		{E5BE0742-C221-4EAD-844B-F1986FA46994}.Release|Mixed Platforms.Build.0 = Release|Any CPU
		{E5BE0742-C221-4EAD-844B-F1986FA46994}.Release|Win32.ActiveCfg = Release|Any CPU
		{E5BE0742-C221-4EAD-844B-F1986FA46994}.Release|x64.ActiveCfg = Release|Any CPU
		{E5BE0742-C221-4EAD-844B-F1986FA46994}.Release|x86.ActiveCfg = Release|Any CPU
		{B62D7DEF-5BC7-4B85-AF82-41269C5F8BC1}.Debug|Any CPU.ActiveCfg = Debug|Any CPU
		{B62D7DEF-5BC7-4B85-AF82-41269C5F8BC1}.Debug|Any CPU.Build.0 = Debug|Any CPU
		{B62D7DEF-5BC7-4B85-AF82-41269C5F8BC1}.Debug|ARM.ActiveCfg = Debug|Any CPU
		{B62D7DEF-5BC7-4B85-AF82-41269C5F8BC1}.Debug|Mixed Platforms.ActiveCfg = Debug|Any CPU
		{B62D7DEF-5BC7-4B85-AF82-41269C5F8BC1}.Debug|Mixed Platforms.Build.0 = Debug|Any CPU
		{B62D7DEF-5BC7-4B85-AF82-41269C5F8BC1}.Debug|Win32.ActiveCfg = Debug|Any CPU
		{B62D7DEF-5BC7-4B85-AF82-41269C5F8BC1}.Debug|x64.ActiveCfg = Debug|Any CPU
		{B62D7DEF-5BC7-4B85-AF82-41269C5F8BC1}.Debug|x86.ActiveCfg = Debug|Any CPU
		{B62D7DEF-5BC7-4B85-AF82-41269C5F8BC1}.Release|Any CPU.ActiveCfg = Release|Any CPU
		{B62D7DEF-5BC7-4B85-AF82-41269C5F8BC1}.Release|Any CPU.Build.0 = Release|Any CPU
		{B62D7DEF-5BC7-4B85-AF82-41269C5F8BC1}.Release|ARM.ActiveCfg = Release|Any CPU
		{B62D7DEF-5BC7-4B85-AF82-41269C5F8BC1}.Release|Mixed Platforms.ActiveCfg = Release|Any CPU
		{B62D7DEF-5BC7-4B85-AF82-41269C5F8BC1}.Release|Mixed Platforms.Build.0 = Release|Any CPU
		{B62D7DEF-5BC7-4B85-AF82-41269C5F8BC1}.Release|Win32.ActiveCfg = Release|Any CPU
		{B62D7DEF-5BC7-4B85-AF82-41269C5F8BC1}.Release|x64.ActiveCfg = Release|Any CPU
		{B62D7DEF-5BC7-4B85-AF82-41269C5F8BC1}.Release|x86.ActiveCfg = Release|Any CPU
	EndGlobalSection
	GlobalSection(SolutionProperties) = preSolution
		HideSolutionNode = FALSE
	EndGlobalSection
EndGlobal
